# THIS IS AN AUTOGENERATED FILE. DO NOT EDIT THIS FILE DIRECTLY.
# yarn lockfile v1


babylon@^6.15.0:
  version "6.18.0"
  resolved "https://registry.yarnpkg.com/babylon/-/babylon-6.18.0.tgz#af2f3b88fa6f5c1e4c634d1a0f8eac4f55b395e3"

flow-bin@^0.54.1:
  version "0.54.1"
  resolved "https://registry.yarnpkg.com/flow-bin/-/flow-bin-0.54.1.tgz#7101bcccf006dc0652714a8aef0c72078a760510"

flow-remove-types@^1.2.1:
  version "1.2.1"
  resolved "https://registry.yarnpkg.com/flow-remove-types/-/flow-remove-types-1.2.1.tgz#58e261bf8b842bd234c86cafb982a1213aff0edb"
  dependencies:
    babylon "^6.15.0"
    vlq "^0.2.1"

vlq@^0.2.1:
  version "0.2.2"
  resolved "https://registry.yarnpkg.com/vlq/-/vlq-0.2.2.tgz#e316d5257b40b86bb43cb8d5fea5d7f54d6b0ca1"
